// !$*UTF8*$!
{
	archiveVersion = 1;
	classes = {
	};
	objectVersion = 50;
	objects = {

/* Begin PBXBuildFile section */
		8E34BF2E24D15359002881AD /* Grid.swift in Sources */ = {isa = PBXBuildFile; fileRef = 8E34BF2D24D15359002881AD /* Grid.swift */; };
		8E34BF3024D15361002881AD /* GridLayout.swift in Sources */ = {isa = PBXBuildFile; fileRef = 8E34BF2F24D15361002881AD /* GridLayout.swift */; };
		8E34BF3224D208C9002881AD /* EmojiArtDocumentStore.swift in Sources */ = {isa = PBXBuildFile; fileRef = 8E34BF3124D208C8002881AD /* EmojiArtDocumentStore.swift */; };
		8E34BF3424D20D98002881AD /* EmojiArtDocumentChooser.swift in Sources */ = {isa = PBXBuildFile; fileRef = 8E34BF3324D20D98002881AD /* EmojiArtDocumentChooser.swift */; };
		8ED2345E24C6A1880055DD85 /* AppDelegate.swift in Sources */ = {isa = PBXBuildFile; fileRef = 8ED2345D24C6A1880055DD85 /* AppDelegate.swift */; };
		8ED2346024C6A1880055DD85 /* SceneDelegate.swift in Sources */ = {isa = PBXBuildFile; fileRef = 8ED2345F24C6A1880055DD85 /* SceneDelegate.swift */; };
		8ED2346224C6A1880055DD85 /* EmojiArtDocumentView.swift in Sources */ = {isa = PBXBuildFile; fileRef = 8ED2346124C6A1880055DD85 /* EmojiArtDocumentView.swift */; };
		8ED2346424C6A18D0055DD85 /* Assets.xcassets in Resources */ = {isa = PBXBuildFile; fileRef = 8ED2346324C6A18D0055DD85 /* Assets.xcassets */; };
		8ED2346724C6A18D0055DD85 /* Preview Assets.xcassets in Resources */ = {isa = PBXBuildFile; fileRef = 8ED2346624C6A18D0055DD85 /* Preview Assets.xcassets */; };
		8ED2346A24C6A18D0055DD85 /* LaunchScreen.storyboard in Resources */ = {isa = PBXBuildFile; fileRef = 8ED2346824C6A18D0055DD85 /* LaunchScreen.storyboard */; };
		8ED2347224C6A1C10055DD85 /* EmojiArtDocument.swift in Sources */ = {isa = PBXBuildFile; fileRef = 8ED2347124C6A1C10055DD85 /* EmojiArtDocument.swift */; };
		8ED2347424C6A65B0055DD85 /* EmojiArt.swift in Sources */ = {isa = PBXBuildFile; fileRef = 8ED2347324C6A65B0055DD85 /* EmojiArt.swift */; };
		8ED2347624C6AC4D0055DD85 /* EmojiArtExtensions.swift in Sources */ = {isa = PBXBuildFile; fileRef = 8ED2347524C6AC4D0055DD85 /* EmojiArtExtensions.swift */; };
		8EE202B424CAB6ED00A5A1E8 /* Spinning.swift in Sources */ = {isa = PBXBuildFile; fileRef = 8EE202B324CAB6ED00A5A1E8 /* Spinning.swift */; };
		8EE202B624CABE9500A5A1E8 /* PaletteChooser.swift in Sources */ = {isa = PBXBuildFile; fileRef = 8EE202B524CABE9500A5A1E8 /* PaletteChooser.swift */; };
		8EE202B824CAC08B00A5A1E8 /* EmojiArtDocumentPalette.swift in Sources */ = {isa = PBXBuildFile; fileRef = 8EE202B724CAC08B00A5A1E8 /* EmojiArtDocumentPalette.swift */; };
		8EE8A59824C9537D00DF8C2A /* OptionalImage.swift in Sources */ = {isa = PBXBuildFile; fileRef = 8EE8A59724C9537D00DF8C2A /* OptionalImage.swift */; };
		8EE8A59A24C9570F00DF8C2A /* AnimatableSystemFontModifier.swift in Sources */ = {isa = PBXBuildFile; fileRef = 8EE8A59924C9570F00DF8C2A /* AnimatableSystemFontModifier.swift */; };
/* End PBXBuildFile section */

/* Begin PBXFileReference section */
		8E34BF2D24D15359002881AD /* Grid.swift */ = {isa = PBXFileReference; fileEncoding = 4; lastKnownFileType = sourcecode.swift; name = Grid.swift; path = ../../memorize/memorize/Grid.swift; sourceTree = "<group>"; };
		8E34BF2F24D15361002881AD /* GridLayout.swift */ = {isa = PBXFileReference; fileEncoding = 4; lastKnownFileType = sourcecode.swift; name = GridLayout.swift; path = ../../memorize/memorize/GridLayout.swift; sourceTree = "<group>"; };
		8E34BF3124D208C8002881AD /* EmojiArtDocumentStore.swift */ = {isa = PBXFileReference; fileEncoding = 4; lastKnownFileType = sourcecode.swift; path = EmojiArtDocumentStore.swift; sourceTree = "<group>"; };
		8E34BF3324D20D98002881AD /* EmojiArtDocumentChooser.swift */ = {isa = PBXFileReference; lastKnownFileType = sourcecode.swift; path = EmojiArtDocumentChooser.swift; sourceTree = "<group>"; };
		8ED2345A24C6A1880055DD85 /* Emoji Art.app */ = {isa = PBXFileReference; explicitFileType = wrapper.application; includeInIndex = 0; path = "Emoji Art.app"; sourceTree = BUILT_PRODUCTS_DIR; };
		8ED2345D24C6A1880055DD85 /* AppDelegate.swift */ = {isa = PBXFileReference; lastKnownFileType = sourcecode.swift; path = AppDelegate.swift; sourceTree = "<group>"; };
		8ED2345F24C6A1880055DD85 /* SceneDelegate.swift */ = {isa = PBXFileReference; lastKnownFileType = sourcecode.swift; path = SceneDelegate.swift; sourceTree = "<group>"; };
		8ED2346124C6A1880055DD85 /* EmojiArtDocumentView.swift */ = {isa = PBXFileReference; lastKnownFileType = sourcecode.swift; path = EmojiArtDocumentView.swift; sourceTree = "<group>"; };
		8ED2346324C6A18D0055DD85 /* Assets.xcassets */ = {isa = PBXFileReference; lastKnownFileType = folder.assetcatalog; path = Assets.xcassets; sourceTree = "<group>"; };
		8ED2346624C6A18D0055DD85 /* Preview Assets.xcassets */ = {isa = PBXFileReference; lastKnownFileType = folder.assetcatalog; path = "Preview Assets.xcassets"; sourceTree = "<group>"; };
		8ED2346924C6A18D0055DD85 /* Base */ = {isa = PBXFileReference; lastKnownFileType = file.storyboard; name = Base; path = Base.lproj/LaunchScreen.storyboard; sourceTree = "<group>"; };
		8ED2346B24C6A18D0055DD85 /* Info.plist */ = {isa = PBXFileReference; lastKnownFileType = text.plist.xml; path = Info.plist; sourceTree = "<group>"; };
		8ED2347124C6A1C10055DD85 /* EmojiArtDocument.swift */ = {isa = PBXFileReference; lastKnownFileType = sourcecode.swift; path = EmojiArtDocument.swift; sourceTree = SOURCE_ROOT; };
		8ED2347324C6A65B0055DD85 /* EmojiArt.swift */ = {isa = PBXFileReference; lastKnownFileType = sourcecode.swift; path = EmojiArt.swift; sourceTree = "<group>"; };
		8ED2347524C6AC4D0055DD85 /* EmojiArtExtensions.swift */ = {isa = PBXFileReference; fileEncoding = 4; lastKnownFileType = sourcecode.swift; path = EmojiArtExtensions.swift; sourceTree = "<group>"; };
		8EE202B324CAB6ED00A5A1E8 /* Spinning.swift */ = {isa = PBXFileReference; lastKnownFileType = sourcecode.swift; path = Spinning.swift; sourceTree = "<group>"; };
		8EE202B524CABE9500A5A1E8 /* PaletteChooser.swift */ = {isa = PBXFileReference; lastKnownFileType = sourcecode.swift; path = PaletteChooser.swift; sourceTree = "<group>"; };
		8EE202B724CAC08B00A5A1E8 /* EmojiArtDocumentPalette.swift */ = {isa = PBXFileReference; fileEncoding = 4; lastKnownFileType = sourcecode.swift; path = EmojiArtDocumentPalette.swift; sourceTree = "<group>"; };
		8EE8A59724C9537D00DF8C2A /* OptionalImage.swift */ = {isa = PBXFileReference; lastKnownFileType = sourcecode.swift; path = OptionalImage.swift; sourceTree = "<group>"; };
		8EE8A59924C9570F00DF8C2A /* AnimatableSystemFontModifier.swift */ = {isa = PBXFileReference; fileEncoding = 4; lastKnownFileType = sourcecode.swift; path = AnimatableSystemFontModifier.swift; sourceTree = "<group>"; };
/* End PBXFileReference section */

/* Begin PBXFrameworksBuildPhase section */
		8ED2345724C6A1880055DD85 /* Frameworks */ = {
			isa = PBXFrameworksBuildPhase;
			buildActionMask = 2147483647;
			files = (
			);
			runOnlyForDeploymentPostprocessing = 0;
		};
/* End PBXFrameworksBuildPhase section */

/* Begin PBXGroup section */
		8ED2345124C6A1880055DD85 = {
			isa = PBXGroup;
			children = (
				8ED2345C24C6A1880055DD85 /* EmojiArt */,
				8ED2345B24C6A1880055DD85 /* Products */,
			);
			sourceTree = "<group>";
		};
		8ED2345B24C6A1880055DD85 /* Products */ = {
			isa = PBXGroup;
			children = (
				8ED2345A24C6A1880055DD85 /* Emoji Art.app */,
			);
			name = Products;
			sourceTree = "<group>";
		};
		8ED2345C24C6A1880055DD85 /* EmojiArt */ = {
			isa = PBXGroup;
			children = (
				8ED2347324C6A65B0055DD85 /* EmojiArt.swift */,
				8ED2347124C6A1C10055DD85 /* EmojiArtDocument.swift */,
				8E34BF3324D20D98002881AD /* EmojiArtDocumentChooser.swift */,
				8ED2346124C6A1880055DD85 /* EmojiArtDocumentView.swift */,
				8EE202B524CABE9500A5A1E8 /* PaletteChooser.swift */,
				8EE202B724CAC08B00A5A1E8 /* EmojiArtDocumentPalette.swift */,
				8E34BF3124D208C8002881AD /* EmojiArtDocumentStore.swift */,
				8ED2347524C6AC4D0055DD85 /* EmojiArtExtensions.swift */,
				8EE8A59724C9537D00DF8C2A /* OptionalImage.swift */,
				8EE8A59924C9570F00DF8C2A /* AnimatableSystemFontModifier.swift */,
				8ED2345D24C6A1880055DD85 /* AppDelegate.swift */,
				8ED2345F24C6A1880055DD85 /* SceneDelegate.swift */,
				8ED2346324C6A18D0055DD85 /* Assets.xcassets */,
				8EE202B324CAB6ED00A5A1E8 /* Spinning.swift */,
				8E34BF2D24D15359002881AD /* Grid.swift */,
				8E34BF2F24D15361002881AD /* GridLayout.swift */,
				8ED2346824C6A18D0055DD85 /* LaunchScreen.storyboard */,
				8ED2346B24C6A18D0055DD85 /* Info.plist */,
				8ED2346524C6A18D0055DD85 /* Preview Content */,
			);
			path = EmojiArt;
			sourceTree = "<group>";
		};
		8ED2346524C6A18D0055DD85 /* Preview Content */ = {
			isa = PBXGroup;
			children = (
				8ED2346624C6A18D0055DD85 /* Preview Assets.xcassets */,
			);
			path = "Preview Content";
			sourceTree = "<group>";
		};
/* End PBXGroup section */

/* Begin PBXNativeTarget section */
		8ED2345924C6A1880055DD85 /* EmojiArt */ = {
			isa = PBXNativeTarget;
			buildConfigurationList = 8ED2346E24C6A18D0055DD85 /* Build configuration list for PBXNativeTarget "EmojiArt" */;
			buildPhases = (
				8ED2345624C6A1880055DD85 /* Sources */,
				8ED2345724C6A1880055DD85 /* Frameworks */,
				8ED2345824C6A1880055DD85 /* Resources */,
			);
			buildRules = (
			);
			dependencies = (
			);
			name = EmojiArt;
			productName = EmojiArt;
			productReference = 8ED2345A24C6A1880055DD85 /* Emoji Art.app */;
			productType = "com.apple.product-type.application";
		};
/* End PBXNativeTarget section */

/* Begin PBXProject section */
		8ED2345224C6A1880055DD85 /* Project object */ = {
			isa = PBXProject;
			attributes = {
				LastSwiftUpdateCheck = 1160;
				LastUpgradeCheck = 1160;
				ORGANIZATIONNAME = "Louis Ye";
				TargetAttributes = {
					8ED2345924C6A1880055DD85 = {
						CreatedOnToolsVersion = 11.6;
					};
				};
			};
			buildConfigurationList = 8ED2345524C6A1880055DD85 /* Build configuration list for PBXProject "EmojiArt" */;
			compatibilityVersion = "Xcode 9.3";
			developmentRegion = en;
			hasScannedForEncodings = 0;
			knownRegions = (
				en,
				Base,
			);
			mainGroup = 8ED2345124C6A1880055DD85;
			productRefGroup = 8ED2345B24C6A1880055DD85 /* Products */;
			projectDirPath = "";
			projectRoot = "";
			targets = (
				8ED2345924C6A1880055DD85 /* EmojiArt */,
			);
		};
/* End PBXProject section */

/* Begin PBXResourcesBuildPhase section */
		8ED2345824C6A1880055DD85 /* Resources */ = {
			isa = PBXResourcesBuildPhase;
			buildActionMask = 2147483647;
			files = (
				8ED2346A24C6A18D0055DD85 /* LaunchScreen.storyboard in Resources */,
				8ED2346724C6A18D0055DD85 /* Preview Assets.xcassets in Resources */,
				8ED2346424C6A18D0055DD85 /* Assets.xcassets in Resources */,
			);
			runOnlyForDeploymentPostprocessing = 0;
		};
/* End PBXResourcesBuildPhase section */

/* Begin PBXSourcesBuildPhase section */
		8ED2345624C6A1880055DD85 /* Sources */ = {
			isa = PBXSourcesBuildPhase;
			buildActionMask = 2147483647;
			files = (
				8EE202B824CAC08B00A5A1E8 /* EmojiArtDocumentPalette.swift in Sources */,
				8ED2345E24C6A1880055DD85 /* AppDelegate.swift in Sources */,
				8ED2346024C6A1880055DD85 /* SceneDelegate.swift in Sources */,
				8ED2347624C6AC4D0055DD85 /* EmojiArtExtensions.swift in Sources */,
				8ED2347424C6A65B0055DD85 /* EmojiArt.swift in Sources */,
				8ED2346224C6A1880055DD85 /* EmojiArtDocumentView.swift in Sources */,
				8E34BF3024D15361002881AD /* GridLayout.swift in Sources */,
				8EE202B624CABE9500A5A1E8 /* PaletteChooser.swift in Sources */,
				8EE8A59824C9537D00DF8C2A /* OptionalImage.swift in Sources */,
				8E34BF3224D208C9002881AD /* EmojiArtDocumentStore.swift in Sources */,
				8EE202B424CAB6ED00A5A1E8 /* Spinning.swift in Sources */,
				8E34BF3424D20D98002881AD /* EmojiArtDocumentChooser.swift in Sources */,
				8EE8A59A24C9570F00DF8C2A /* AnimatableSystemFontModifier.swift in Sources */,
				8ED2347224C6A1C10055DD85 /* EmojiArtDocument.swift in Sources */,
				8E34BF2E24D15359002881AD /* Grid.swift in Sources */,
			);
			runOnlyForDeploymentPostprocessing = 0;
		};
/* End PBXSourcesBuildPhase section */

/* Begin PBXVariantGroup section */
		8ED2346824C6A18D0055DD85 /* LaunchScreen.storyboard */ = {
			isa = PBXVariantGroup;
			children = (
				8ED2346924C6A18D0055DD85 /* Base */,
			);
			name = LaunchScreen.storyboard;
			sourceTree = "<group>";
		};
/* End PBXVariantGroup section */

/* Begin XCBuildConfiguration section */
		8ED2346C24C6A18D0055DD85 /* Debug */ = {
			isa = XCBuildConfiguration;
			buildSettings = {
				ALWAYS_SEARCH_USER_PATHS = NO;
				CLANG_ANALYZER_NONNULL = YES;
				CLANG_ANALYZER_NUMBER_OBJECT_CONVERSION = YES_AGGRESSIVE;
				CLANG_CXX_LANGUAGE_STANDARD = "gnu++14";
				CLANG_CXX_LIBRARY = "libc++";
				CLANG_ENABLE_MODULES = YES;
				CLANG_ENABLE_OBJC_ARC = YES;
				CLANG_ENABLE_OBJC_WEAK = YES;
				CLANG_WARN_BLOCK_CAPTURE_AUTORELEASING = YES;
				CLANG_WARN_BOOL_CONVERSION = YES;
				CLANG_WARN_COMMA = YES;
				CLANG_WARN_CONSTANT_CONVERSION = YES;
				CLANG_WARN_DEPRECATED_OBJC_IMPLEMENTATIONS = YES;
				CLANG_WARN_DIRECT_OBJC_ISA_USAGE = YES_ERROR;
				CLANG_WARN_DOCUMENTATION_COMMENTS = YES;
				CLANG_WARN_EMPTY_BODY = YES;
				CLANG_WARN_ENUM_CONVERSION = YES;
				CLANG_WARN_INFINITE_RECURSION = YES;
				CLANG_WARN_INT_CONVERSION = YES;
				CLANG_WARN_NON_LITERAL_NULL_CONVERSION = YES;
				CLANG_WARN_OBJC_IMPLICIT_RETAIN_SELF = YES;
				CLANG_WARN_OBJC_LITERAL_CONVERSION = YES;
				CLANG_WARN_OBJC_ROOT_CLASS = YES_ERROR;
				CLANG_WARN_RANGE_LOOP_ANALYSIS = YES;
				CLANG_WARN_STRICT_PROTOTYPES = YES;
				CLANG_WARN_SUSPICIOUS_MOVE = YES;
				CLANG_WARN_UNGUARDED_AVAILABILITY = YES_AGGRESSIVE;
				CLANG_WARN_UNREACHABLE_CODE = YES;
				CLANG_WARN__DUPLICATE_METHOD_MATCH = YES;
				COPY_PHASE_STRIP = NO;
				DEBUG_INFORMATION_FORMAT = dwarf;
				ENABLE_STRICT_OBJC_MSGSEND = YES;
				ENABLE_TESTABILITY = YES;
				GCC_C_LANGUAGE_STANDARD = gnu11;
				GCC_DYNAMIC_NO_PIC = NO;
				GCC_NO_COMMON_BLOCKS = YES;
				GCC_OPTIMIZATION_LEVEL = 0;
				GCC_PREPROCESSOR_DEFINITIONS = (
					"DEBUG=1",
					"$(inherited)",
				);
				GCC_WARN_64_TO_32_BIT_CONVERSION = YES;
				GCC_WARN_ABOUT_RETURN_TYPE = YES_ERROR;
				GCC_WARN_UNDECLARED_SELECTOR = YES;
				GCC_WARN_UNINITIALIZED_AUTOS = YES_AGGRESSIVE;
				GCC_WARN_UNUSED_FUNCTION = YES;
				GCC_WARN_UNUSED_VARIABLE = YES;
				IPHONEOS_DEPLOYMENT_TARGET = 13.6;
				MTL_ENABLE_DEBUG_INFO = INCLUDE_SOURCE;
				MTL_FAST_MATH = YES;
				ONLY_ACTIVE_ARCH = YES;
				SDKROOT = iphoneos;
				SWIFT_ACTIVE_COMPILATION_CONDITIONS = DEBUG;
				SWIFT_OPTIMIZATION_LEVEL = "-Onone";
			};
			name = Debug;
		};
		8ED2346D24C6A18D0055DD85 /* Release */ = {
			isa = XCBuildConfiguration;
			buildSettings = {
				ALWAYS_SEARCH_USER_PATHS = NO;
				CLANG_ANALYZER_NONNULL = YES;
				CLANG_ANALYZER_NUMBER_OBJECT_CONVERSION = YES_AGGRESSIVE;
				CLANG_CXX_LANGUAGE_STANDARD = "gnu++14";
				CLANG_CXX_LIBRARY = "libc++";
				CLANG_ENABLE_MODULES = YES;
				CLANG_ENABLE_OBJC_ARC = YES;
				CLANG_ENABLE_OBJC_WEAK = YES;
				CLANG_WARN_BLOCK_CAPTURE_AUTORELEASING = YES;
				CLANG_WARN_BOOL_CONVERSION = YES;
				CLANG_WARN_COMMA = YES;
				CLANG_WARN_CONSTANT_CONVERSION = YES;
				CLANG_WARN_DEPRECATED_OBJC_IMPLEMENTATIONS = YES;
				CLANG_WARN_DIRECT_OBJC_ISA_USAGE = YES_ERROR;
				CLANG_WARN_DOCUMENTATION_COMMENTS = YES;
				CLANG_WARN_EMPTY_BODY = YES;
				CLANG_WARN_ENUM_CONVERSION = YES;
				CLANG_WARN_INFINITE_RECURSION = YES;
				CLANG_WARN_INT_CONVERSION = YES;
				CLANG_WARN_NON_LITERAL_NULL_CONVERSION = YES;
				CLANG_WARN_OBJC_IMPLICIT_RETAIN_SELF = YES;
				CLANG_WARN_OBJC_LITERAL_CONVERSION = YES;
				CLANG_WARN_OBJC_ROOT_CLASS = YES_ERROR;
				CLANG_WARN_RANGE_LOOP_ANALYSIS = YES;
				CLANG_WARN_STRICT_PROTOTYPES = YES;
				CLANG_WARN_SUSPICIOUS_MOVE = YES;
				CLANG_WARN_UNGUARDED_AVAILABILITY = YES_AGGRESSIVE;
				CLANG_WARN_UNREACHABLE_CODE = YES;
				CLANG_WARN__DUPLICATE_METHOD_MATCH = YES;
				COPY_PHASE_STRIP = NO;
				DEBUG_INFORMATION_FORMAT = "dwarf-with-dsym";
				ENABLE_NS_ASSERTIONS = NO;
				ENABLE_STRICT_OBJC_MSGSEND = YES;
				GCC_C_LANGUAGE_STANDARD = gnu11;
				GCC_NO_COMMON_BLOCKS = YES;
				GCC_WARN_64_TO_32_BIT_CONVERSION = YES;
				GCC_WARN_ABOUT_RETURN_TYPE = YES_ERROR;
				GCC_WARN_UNDECLARED_SELECTOR = YES;
				GCC_WARN_UNINITIALIZED_AUTOS = YES_AGGRESSIVE;
				GCC_WARN_UNUSED_FUNCTION = YES;
				GCC_WARN_UNUSED_VARIABLE = YES;
				IPHONEOS_DEPLOYMENT_TARGET = 13.6;
				MTL_ENABLE_DEBUG_INFO = NO;
				MTL_FAST_MATH = YES;
				SDKROOT = iphoneos;
				SWIFT_COMPILATION_MODE = wholemodule;
				SWIFT_OPTIMIZATION_LEVEL = "-O";
				VALIDATE_PRODUCT = YES;
			};
			name = Release;
		};
		8ED2346F24C6A18D0055DD85 /* Debug */ = {
			isa = XCBuildConfiguration;
			buildSettings = {
				ASSETCATALOG_COMPILER_APPICON_NAME = AppIcon;
				CODE_SIGN_STYLE = Automatic;
				DEVELOPMENT_ASSET_PATHS = "\"EmojiArt/Preview Content\"";
				ENABLE_PREVIEWS = YES;
				INFOPLIST_FILE = EmojiArt/Info.plist;
				LD_RUNPATH_SEARCH_PATHS = (
					"$(inherited)",
					"@executable_path/Frameworks",
				);
				PRODUCT_BUNDLE_IDENTIFIER = ye.louis.EmojiArt;
				PRODUCT_NAME = "Emoji Art";
				SWIFT_VERSION = 5.0;
				TARGETED_DEVICE_FAMILY = "1,2";
			};
			name = Debug;
		};
		8ED2347024C6A18D0055DD85 /* Release */ = {
			isa = XCBuildConfiguration;
			buildSettings = {
				ASSETCATALOG_COMPILER_APPICON_NAME = AppIcon;
				CODE_SIGN_STYLE = Automatic;
				DEVELOPMENT_ASSET_PATHS = "\"EmojiArt/Preview Content\"";
				ENABLE_PREVIEWS = YES;
				INFOPLIST_FILE = EmojiArt/Info.plist;
				LD_RUNPATH_SEARCH_PATHS = (
					"$(inherited)",
					"@executable_path/Frameworks",
				);
				PRODUCT_BUNDLE_IDENTIFIER = ye.louis.EmojiArt;
				PRODUCT_NAME = "Emoji Art";
				SWIFT_VERSION = 5.0;
				TARGETED_DEVICE_FAMILY = "1,2";
			};
			name = Release;
		};
/* End XCBuildConfiguration section */

/* Begin XCConfigurationList section */
		8ED2345524C6A1880055DD85 /* Build configuration list for PBXProject "EmojiArt" */ = {
			isa = XCConfigurationList;
			buildConfigurations = (
				8ED2346C24C6A18D0055DD85 /* Debug */,
				8ED2346D24C6A18D0055DD85 /* Release */,
			);
			defaultConfigurationIsVisible = 0;
			defaultConfigurationName = Release;
		};
		8ED2346E24C6A18D0055DD85 /* Build configuration list for PBXNativeTarget "EmojiArt" */ = {
			isa = XCConfigurationList;
			buildConfigurations = (
				8ED2346F24C6A18D0055DD85 /* Debug */,
				8ED2347024C6A18D0055DD85 /* Release */,
			);
			defaultConfigurationIsVisible = 0;
			defaultConfigurationName = Release;
		};
/* End XCConfigurationList section */
	};
	rootObject = 8ED2345224C6A1880055DD85 /* Project object */;
}
